
Microsoft Visual Studio Solution File, Format Version 12.00
# Visual Studio Version 16
VisualStudioVersion = 16.0.31205.134
MinimumVisualStudioVersion = 10.0.40219.1
Project("{2150E333-8FDC-42A3-9474-1A3956D46DE8}") = "Services", "Services", "{BDC8F9DD-0C3C-474F-9780-75CE7034E176}"
EndProject
Project("{2150E333-8FDC-42A3-9474-1A3956D46DE8}") = "Catalog", "Catalog", "{EE3BD41E-EB3E-458D-9D88-8FE919204146}"
EndProject
Project("{FAE04EC0-301F-11D3-BF4B-00C04F79EFBC}") = "Catalog.API", "Services\Catalog\Catalog.API\Catalog.API.csproj", "{602C3C8F-A7F0-488D-BC7A-9731A250F0A5}"
EndProject
Project("{E53339B2-1760-4266-BCC7-CA923CBCF16C}") = "docker-compose", "docker-compose.dcproj", "{DF997963-BD3D-4362-A619-C8835DF0DC3E}"
EndProject
Global
	GlobalSection(SolutionConfigurationPlatforms) = preSolution
		Debug|Any CPU = Debug|Any CPU
		Release|Any CPU = Release|Any CPU
	EndGlobalSection
	GlobalSection(ProjectConfigurationPlatforms) = postSolution
		{602C3C8F-A7F0-488D-BC7A-9731A250F0A5}.Debug|Any CPU.ActiveCfg = Debug|Any CPU
		{602C3C8F-A7F0-488D-BC7A-9731A250F0A5}.Debug|Any CPU.Build.0 = Debug|Any CPU
		{602C3C8F-A7F0-488D-BC7A-9731A250F0A5}.Release|Any CPU.ActiveCfg = Release|Any CPU
		{602C3C8F-A7F0-488D-BC7A-9731A250F0A5}.Release|Any CPU.Build.0 = Release|Any CPU
		{DF997963-BD3D-4362-A619-C8835DF0DC3E}.Debug|Any CPU.ActiveCfg = Debug|Any CPU
		{DF997963-BD3D-4362-A619-C8835DF0DC3E}.Debug|Any CPU.Build.0 = Debug|Any CPU
		{DF997963-BD3D-4362-A619-C8835DF0DC3E}.Release|Any CPU.ActiveCfg = Release|Any CPU
		{DF997963-BD3D-4362-A619-C8835DF0DC3E}.Release|Any CPU.Build.0 = Release|Any CPU
	EndGlobalSection
	GlobalSection(SolutionProperties) = preSolution
		HideSolutionNode = FALSE
	EndGlobalSection
	GlobalSection(NestedProjects) = preSolution
		{EE3BD41E-EB3E-458D-9D88-8FE919204146} = {BDC8F9DD-0C3C-474F-9780-75CE7034E176}
		{602C3C8F-A7F0-488D-BC7A-9731A250F0A5} = {EE3BD41E-EB3E-458D-9D88-8FE919204146}
	EndGlobalSection
	GlobalSection(ExtensibilityGlobals) = postSolution
		SolutionGuid = {5B3CAC51-270E-4686-B166-D440EF791ACF}
	EndGlobalSection
EndGlobal
